
Microsoft Visual Studio Solution File, Format Version 12.00
# Visual Studio 15
VisualStudioVersion = 15.0.26403.7
MinimumVisualStudioVersion = 10.0.40219.1
Project("{8BC9CEB8-8B4A-11D0-8D11-00A0C91BC942}") = "ZAJ01", "ZAJ01\ZAJ01.vcxproj", "{646BD4B9-29A1-49CA-87D6-4AB5E3559FAE}"
EndProject
Project("{8BC9CEB8-8B4A-11D0-8D11-00A0C91BC942}") = "ZAJ02", "ZAJ02\ZAJ02.vcxproj", "{3EAB1B8C-8855-451F-B2BC-D14368EFA3D0}"
EndProject
Project("{8BC9CEB8-8B4A-11D0-8D11-00A0C91BC942}") = "ZAJ03", "ZAJ03\ZAJ03.vcxproj", "{EDFEC738-2173-48FB-8A09-469913B4912F}"
EndProject
Project("{8BC9CEB8-8B4A-11D0-8D11-00A0C91BC942}") = "ZAJ04", "ZAJ04\ZAJ04.vcxproj", "{3070538A-91D1-4793-87AB-12FBD9CC138F}"
EndProject
Project("{8BC9CEB8-8B4A-11D0-8D11-00A0C91BC942}") = "ZAJ05", "ZAJ05\ZAJ05.vcxproj", "{FB1C89A0-FB5E-44A1-BAB6-CF211F4BAFEC}"
EndProject
Project("{8BC9CEB8-8B4A-11D0-8D11-00A0C91BC942}") = "ZAJ07", "ZAJ07\ZAJ07.vcxproj", "{D4FB0006-9934-4882-B67E-C134771E8B5D}"
EndProject
Project("{8BC9CEB8-8B4A-11D0-8D11-00A0C91BC942}") = "ZAJ08", "ZAJ08\ZAJ08.vcxproj", "{45164692-21A1-4552-A666-B3DFA87A0F90}"
EndProject
Global
	GlobalSection(SolutionConfigurationPlatforms) = preSolution
		Debug|x64 = Debug|x64
		Debug|x86 = Debug|x86
		Release|x64 = Release|x64
		Release|x86 = Release|x86
	EndGlobalSection
	GlobalSection(ProjectConfigurationPlatforms) = postSolution
		{646BD4B9-29A1-49CA-87D6-4AB5E3559FAE}.Debug|x64.ActiveCfg = Debug|x64
		{646BD4B9-29A1-49CA-87D6-4AB5E3559FAE}.Debug|x64.Build.0 = Debug|x64
		{646BD4B9-29A1-49CA-87D6-4AB5E3559FAE}.Debug|x86.ActiveCfg = Debug|Win32
		{646BD4B9-29A1-49CA-87D6-4AB5E3559FAE}.Debug|x86.Build.0 = Debug|Win32
		{646BD4B9-29A1-49CA-87D6-4AB5E3559FAE}.Release|x64.ActiveCfg = Release|x64
		{646BD4B9-29A1-49CA-87D6-4AB5E3559FAE}.Release|x64.Build.0 = Release|x64
		{646BD4B9-29A1-49CA-87D6-4AB5E3559FAE}.Release|x86.ActiveCfg = Release|Win32
		{646BD4B9-29A1-49CA-87D6-4AB5E3559FAE}.Release|x86.Build.0 = Release|Win32
		{3EAB1B8C-8855-451F-B2BC-D14368EFA3D0}.Debug|x64.ActiveCfg = Debug|x64
		{3EAB1B8C-8855-451F-B2BC-D14368EFA3D0}.Debug|x64.Build.0 = Debug|x64
		{3EAB1B8C-8855-451F-B2BC-D14368EFA3D0}.Debug|x86.ActiveCfg = Debug|Win32
		{3EAB1B8C-8855-451F-B2BC-D14368EFA3D0}.Debug|x86.Build.0 = Debug|Win32
		{3EAB1B8C-8855-451F-B2BC-D14368EFA3D0}.Release|x64.ActiveCfg = Release|x64
		{3EAB1B8C-8855-451F-B2BC-D14368EFA3D0}.Release|x64.Build.0 = Release|x64
		{3EAB1B8C-8855-451F-B2BC-D14368EFA3D0}.Release|x86.ActiveCfg = Release|Win32
		{3EAB1B8C-8855-451F-B2BC-D14368EFA3D0}.Release|x86.Build.0 = Release|Win32
		{EDFEC738-2173-48FB-8A09-469913B4912F}.Debug|x64.ActiveCfg = Debug|x64
		{EDFEC738-2173-48FB-8A09-469913B4912F}.Debug|x64.Build.0 = Debug|x64
		{EDFEC738-2173-48FB-8A09-469913B4912F}.Debug|x86.ActiveCfg = Debug|Win32
		{EDFEC738-2173-48FB-8A09-469913B4912F}.Debug|x86.Build.0 = Debug|Win32
		{EDFEC738-2173-48FB-8A09-469913B4912F}.Release|x64.ActiveCfg = Release|x64
		{EDFEC738-2173-48FB-8A09-469913B4912F}.Release|x64.Build.0 = Release|x64
		{EDFEC738-2173-48FB-8A09-469913B4912F}.Release|x86.ActiveCfg = Release|Win32
		{EDFEC738-2173-48FB-8A09-469913B4912F}.Release|x86.Build.0 = Release|Win32
		{3070538A-91D1-4793-87AB-12FBD9CC138F}.Debug|x64.ActiveCfg = Debug|x64
		{3070538A-91D1-4793-87AB-12FBD9CC138F}.Debug|x64.Build.0 = Debug|x64
		{3070538A-91D1-4793-87AB-12FBD9CC138F}.Debug|x86.ActiveCfg = Debug|Win32
		{3070538A-91D1-4793-87AB-12FBD9CC138F}.Debug|x86.Build.0 = Debug|Win32
		{3070538A-91D1-4793-87AB-12FBD9CC138F}.Release|x64.ActiveCfg = Release|x64
		{3070538A-91D1-4793-87AB-12FBD9CC138F}.Release|x64.Build.0 = Release|x64
		{3070538A-91D1-4793-87AB-12FBD9CC138F}.Release|x86.ActiveCfg = Release|Win32
		{3070538A-91D1-4793-87AB-12FBD9CC138F}.Release|x86.Build.0 = Release|Win32
		{FB1C89A0-FB5E-44A1-BAB6-CF211F4BAFEC}.Debug|x64.ActiveCfg = Debug|x64
		{FB1C89A0-FB5E-44A1-BAB6-CF211F4BAFEC}.Debug|x64.Build.0 = Debug|x64
		{FB1C89A0-FB5E-44A1-BAB6-CF211F4BAFEC}.Debug|x86.ActiveCfg = Debug|Win32
		{FB1C89A0-FB5E-44A1-BAB6-CF211F4BAFEC}.Debug|x86.Build.0 = Debug|Win32
		{FB1C89A0-FB5E-44A1-BAB6-CF211F4BAFEC}.Release|x64.ActiveCfg = Release|x64
		{FB1C89A0-FB5E-44A1-BAB6-CF211F4BAFEC}.Release|x64.Build.0 = Release|x64
		{FB1C89A0-FB5E-44A1-BAB6-CF211F4BAFEC}.Release|x86.ActiveCfg = Release|Win32
		{FB1C89A0-FB5E-44A1-BAB6-CF211F4BAFEC}.Release|x86.Build.0 = Release|Win32
		{D4FB0006-9934-4882-B67E-C134771E8B5D}.Debug|x64.ActiveCfg = Debug|x64
		{D4FB0006-9934-4882-B67E-C134771E8B5D}.Debug|x64.Build.0 = Debug|x64
		{D4FB0006-9934-4882-B67E-C134771E8B5D}.Debug|x86.ActiveCfg = Debug|Win32
		{D4FB0006-9934-4882-B67E-C134771E8B5D}.Debug|x86.Build.0 = Debug|Win32
		{D4FB0006-9934-4882-B67E-C134771E8B5D}.Release|x64.ActiveCfg = Release|x64
		{D4FB0006-9934-4882-B67E-C134771E8B5D}.Release|x64.Build.0 = Release|x64
		{D4FB0006-9934-4882-B67E-C134771E8B5D}.Release|x86.ActiveCfg = Release|Win32
		{D4FB0006-9934-4882-B67E-C134771E8B5D}.Release|x86.Build.0 = Release|Win32
		{45164692-21A1-4552-A666-B3DFA87A0F90}.Debug|x64.ActiveCfg = Debug|x64
		{45164692-21A1-4552-A666-B3DFA87A0F90}.Debug|x64.Build.0 = Debug|x64
		{45164692-21A1-4552-A666-B3DFA87A0F90}.Debug|x86.ActiveCfg = Debug|Win32
		{45164692-21A1-4552-A666-B3DFA87A0F90}.Debug|x86.Build.0 = Debug|Win32
		{45164692-21A1-4552-A666-B3DFA87A0F90}.Release|x64.ActiveCfg = Release|x64
		{45164692-21A1-4552-A666-B3DFA87A0F90}.Release|x64.Build.0 = Release|x64
		{45164692-21A1-4552-A666-B3DFA87A0F90}.Release|x86.ActiveCfg = Release|Win32
		{45164692-21A1-4552-A666-B3DFA87A0F90}.Release|x86.Build.0 = Release|Win32
	EndGlobalSection
	GlobalSection(SolutionProperties) = preSolution
		HideSolutionNode = FALSE
	EndGlobalSection
EndGlobal
